
Microsoft Visual Studio Solution File, Format Version 12.00
# Visual Studio Version 17
VisualStudioVersion = 17.1.32319.34
MinimumVisualStudioVersion = 10.0.40219.1
Project("{FAE04EC0-301F-11D3-BF4B-00C04F79EFBC}") = "calculator", "calculator.csproj", "{5AA8DA60-2EE9-451E-8008-18A3A3F8E57F}"
EndProject
Project("{2150E333-8FDC-42A3-9474-1A3956D46DE8}") = "Solution Items", "Solution Items", "{8F08410A-F314-46CE-9B93-5DE646C46068}"
	ProjectSection(SolutionItems) = preProject
		.editorconfig = .editorconfig
	EndProjectSection
EndProject
Global
	GlobalSection(SolutionConfigurationPlatforms) = preSolution
		Debug|Any CPU = Debug|Any CPU
		Release|Any CPU = Release|Any CPU
	EndGlobalSection
	GlobalSection(ProjectConfigurationPlatforms) = postSolution
		{5AA8DA60-2EE9-451E-8008-18A3A3F8E57F}.Debug|Any CPU.ActiveCfg = Debug|Any CPU
		{5AA8DA60-2EE9-451E-8008-18A3A3F8E57F}.Debug|Any CPU.Build.0 = Debug|Any CPU
		{5AA8DA60-2EE9-451E-8008-18A3A3F8E57F}.Release|Any CPU.ActiveCfg = Release|Any CPU
		{5AA8DA60-2EE9-451E-8008-18A3A3F8E57F}.Release|Any CPU.Build.0 = Release|Any CPU
	EndGlobalSection
	GlobalSection(SolutionProperties) = preSolution
		HideSolutionNode = FALSE
	EndGlobalSection
	GlobalSection(ExtensibilityGlobals) = postSolution
		SolutionGuid = {74EF0C42-82FC-44C0-AA18-E6A292F0FBD1}
	EndGlobalSection
EndGlobal
